
Microsoft Visual Studio Solution File, Format Version 12.00
# Visual Studio 2013
VisualStudioVersion = 12.0.21005.1
MinimumVisualStudioVersion = 10.0.40219.1
Project("{FAE04EC0-301F-11D3-BF4B-00C04F79EFBC}") = "8_Puzzle_Agent", "8_Puzzle_Agent\8_Puzzle_Agent.csproj", "{60E56F42-97A5-452B-8B6F-3A48A97FC77B}"
EndProject
Global
	GlobalSection(SolutionConfigurationPlatforms) = preSolution
		Debug|Any CPU = Debug|Any CPU
		Release|Any CPU = Release|Any CPU
	EndGlobalSection
	GlobalSection(ProjectConfigurationPlatforms) = postSolution
		{60E56F42-97A5-452B-8B6F-3A48A97FC77B}.Debug|Any CPU.ActiveCfg = Debug|Any CPU
		{60E56F42-97A5-452B-8B6F-3A48A97FC77B}.Debug|Any CPU.Build.0 = Debug|Any CPU
		{60E56F42-97A5-452B-8B6F-3A48A97FC77B}.Release|Any CPU.ActiveCfg = Release|Any CPU
		{60E56F42-97A5-452B-8B6F-3A48A97FC77B}.Release|Any CPU.Build.0 = Release|Any CPU
	EndGlobalSection
	GlobalSection(SolutionProperties) = preSolution
		HideSolutionNode = FALSE
	EndGlobalSection
EndGlobal
